// !$*UTF8*$!
{
	archiveVersion = 1;
	classes = {
	};
	objectVersion = 46;
	objects = {

/* Begin PBXBuildFile section */
		EE32B46315B7672C00F729C9 /* UIKit.framework in Frameworks */ = {isa = PBXBuildFile; fileRef = EE32B46215B7672C00F729C9 /* UIKit.framework */; };
		EE32B46515B7672C00F729C9 /* Foundation.framework in Frameworks */ = {isa = PBXBuildFile; fileRef = EE32B46415B7672C00F729C9 /* Foundation.framework */; };
		EE32B46715B7672C00F729C9 /* CoreGraphics.framework in Frameworks */ = {isa = PBXBuildFile; fileRef = EE32B46615B7672C00F729C9 /* CoreGraphics.framework */; };
		EE32B46D15B7672C00F729C9 /* InfoPlist.strings in Resources */ = {isa = PBXBuildFile; fileRef = EE32B46B15B7672C00F729C9 /* InfoPlist.strings */; };
		EE32B46F15B7672C00F729C9 /* main.m in Sources */ = {isa = PBXBuildFile; fileRef = EE32B46E15B7672C00F729C9 /* main.m */; };
		EE32B47315B7672C00F729C9 /* RandomPickerAppDelegate.m in Sources */ = {isa = PBXBuildFile; fileRef = EE32B47215B7672C00F729C9 /* RandomPickerAppDelegate.m */; };
		EE32B47615B7672C00F729C9 /* MainStoryboard.storyboard in Resources */ = {isa = PBXBuildFile; fileRef = EE32B47415B7672C00F729C9 /* MainStoryboard.storyboard */; };
		EE32B47915B7672C00F729C9 /* RandomPickerViewController.m in Sources */ = {isa = PBXBuildFile; fileRef = EE32B47815B7672C00F729C9 /* RandomPickerViewController.m */; };
/* End PBXBuildFile section */

/* Begin PBXFileReference section */
		EE32B45E15B7672C00F729C9 /* Project 2.app */ = {isa = PBXFileReference; explicitFileType = wrapper.application; includeInIndex = 0; path = "Project 2.app"; sourceTree = BUILT_PRODUCTS_DIR; };
		EE32B46215B7672C00F729C9 /* UIKit.framework */ = {isa = PBXFileReference; lastKnownFileType = wrapper.framework; name = UIKit.framework; path = System/Library/Frameworks/UIKit.framework; sourceTree = SDKROOT; };
		EE32B46415B7672C00F729C9 /* Foundation.framework */ = {isa = PBXFileReference; lastKnownFileType = wrapper.framework; name = Foundation.framework; path = System/Library/Frameworks/Foundation.framework; sourceTree = SDKROOT; };
		EE32B46615B7672C00F729C9 /* CoreGraphics.framework */ = {isa = PBXFileReference; lastKnownFileType = wrapper.framework; name = CoreGraphics.framework; path = System/Library/Frameworks/CoreGraphics.framework; sourceTree = SDKROOT; };
		EE32B46A15B7672C00F729C9 /* Project 2-Info.plist */ = {isa = PBXFileReference; path = "Project 2-Info.plist"; sourceTree = "<group>"; };
		EE32B46C15B7672C00F729C9 /* en */ = {isa = PBXFileReference; lastKnownFileType = text.plist.strings; name = en; path = en.lproj/InfoPlist.strings; sourceTree = "<group>"; };
		EE32B46E15B7672C00F729C9 /* main.m */ = {isa = PBXFileReference; lastKnownFileType = sourcecode.c.objc; path = main.m; sourceTree = "<group>"; };
		EE32B47015B7672C00F729C9 /* Project 2-Prefix.pch */ = {isa = PBXFileReference; path = "Project 2-Prefix.pch"; sourceTree = "<group>"; };
		EE32B47115B7672C00F729C9 /* RandomPickerAppDelegate.h */ = {isa = PBXFileReference; path = RandomPickerAppDelegate.h; sourceTree = "<group>"; };
		EE32B47215B7672C00F729C9 /* RandomPickerAppDelegate.m */ = {isa = PBXFileReference; lastKnownFileType = sourcecode.c.objc; path = RandomPickerAppDelegate.m; sourceTree = "<group>"; };
		EE32B47515B7672C00F729C9 /* en */ = {isa = PBXFileReference; lastKnownFileType = file.storyboard; name = en; path = en.lproj/MainStoryboard.storyboard; sourceTree = "<group>"; };
		EE32B47715B7672C00F729C9 /* RandomPickerViewController.h */ = {isa = PBXFileReference; path = RandomPickerViewController.h; sourceTree = "<group>"; };
		EE32B47815B7672C00F729C9 /* RandomPickerViewController.m */ = {isa = PBXFileReference; lastKnownFileType = sourcecode.c.objc; path = RandomPickerViewController.m; sourceTree = "<group>"; };
/* End PBXFileReference section */

/* Begin PBXFrameworksBuildPhase section */
		EE32B45B15B7672C00F729C9 /* Frameworks */ = {
			isa = PBXFrameworksBuildPhase;
			buildActionMask = 2147483647;
			files = (
				EE32B46315B7672C00F729C9 /* UIKit.framework in Frameworks */,
				EE32B46515B7672C00F729C9 /* Foundation.framework in Frameworks */,
				EE32B46715B7672C00F729C9 /* CoreGraphics.framework in Frameworks */,
			);
			runOnlyForDeploymentPostprocessing = 0;
		};
/* End PBXFrameworksBuildPhase section */

/* Begin PBXGroup section */
		EE32B45315B7672B00F729C9 = {
			isa = PBXGroup;
			children = (
				EE32B46815B7672C00F729C9 /* Project 2 */,
				EE32B46115B7672C00F729C9 /* Frameworks */,
				EE32B45F15B7672C00F729C9 /* Products */,
			);
			sourceTree = "<group>";
		};
		EE32B45F15B7672C00F729C9 /* Products */ = {
			isa = PBXGroup;
			children = (
				EE32B45E15B7672C00F729C9 /* Project 2.app */,
			);
			name = Products;
			sourceTree = "<group>";
		};
		EE32B46115B7672C00F729C9 /* Frameworks */ = {
			isa = PBXGroup;
			children = (
				EE32B46215B7672C00F729C9 /* UIKit.framework */,
				EE32B46415B7672C00F729C9 /* Foundation.framework */,
				EE32B46615B7672C00F729C9 /* CoreGraphics.framework */,
			);
			name = Frameworks;
			sourceTree = "<group>";
		};
		EE32B46815B7672C00F729C9 /* Project 2 */ = {
			isa = PBXGroup;
			children = (
				EE32B47115B7672C00F729C9 /* RandomPickerAppDelegate.h */,
				EE32B47215B7672C00F729C9 /* RandomPickerAppDelegate.m */,
				EE32B47415B7672C00F729C9 /* MainStoryboard.storyboard */,
				EE32B47715B7672C00F729C9 /* RandomPickerViewController.h */,
				EE32B47815B7672C00F729C9 /* RandomPickerViewController.m */,
				EE32B46915B7672C00F729C9 /* Supporting Files */,
			);
			path = "Project 2";
			sourceTree = "<group>";
		};
		EE32B46915B7672C00F729C9 /* Supporting Files */ = {
			isa = PBXGroup;
			children = (
				EE32B46A15B7672C00F729C9 /* Project 2-Info.plist */,
				EE32B46B15B7672C00F729C9 /* InfoPlist.strings */,
				EE32B46E15B7672C00F729C9 /* main.m */,
				EE32B47015B7672C00F729C9 /* Project 2-Prefix.pch */,
			);
			name = "Supporting Files";
			sourceTree = "<group>";
		};
/* End PBXGroup section */

/* Begin PBXNativeTarget section */
		EE32B45D15B7672C00F729C9 /* Project 2 */ = {
			isa = PBXNativeTarget;
			buildConfigurationList = EE32B47C15B7672C00F729C9 /* Build configuration list for PBXNativeTarget "Project 2" */;
			buildPhases = (
				EE32B45A15B7672C00F729C9 /* Sources */,
				EE32B45B15B7672C00F729C9 /* Frameworks */,
				EE32B45C15B7672C00F729C9 /* Resources */,
			);
			buildRules = (
			);
			dependencies = (
			);
			name = "Project 2";
			productName = "Project 2";
			productReference = EE32B45E15B7672C00F729C9 /* Project 2.app */;
			productType = "com.apple.product-type.application";
		};
/* End PBXNativeTarget section */

/* Begin PBXProject section */
		EE32B45515B7672B00F729C9 /* Project object */ = {
			isa = PBXProject;
			attributes = {
				CLASSPREFIX = RandomPicker;
				LastUpgradeCheck = 0430;
			};
			buildConfigurationList = EE32B45815B7672B00F729C9 /* Build configuration list for PBXProject "Project 2" */;
			compatibilityVersion = "Xcode 3.2";
			developmentRegion = English;
			hasScannedForEncodings = 0;
			knownRegions = (
				en,
			);
			mainGroup = EE32B45315B7672B00F729C9;
			productRefGroup = EE32B45F15B7672C00F729C9 /* Products */;
			projectDirPath = "";
			projectRoot = "";
			targets = (
				EE32B45D15B7672C00F729C9 /* Project 2 */,
			);
		};
/* End PBXProject section */

/* Begin PBXResourcesBuildPhase section */
		EE32B45C15B7672C00F729C9 /* Resources */ = {
			isa = PBXResourcesBuildPhase;
			buildActionMask = 2147483647;
			files = (
				EE32B46D15B7672C00F729C9 /* InfoPlist.strings in Resources */,
				EE32B47615B7672C00F729C9 /* MainStoryboard.storyboard in Resources */,
			);
			runOnlyForDeploymentPostprocessing = 0;
		};
/* End PBXResourcesBuildPhase section */

/* Begin PBXSourcesBuildPhase section */
		EE32B45A15B7672C00F729C9 /* Sources */ = {
			isa = PBXSourcesBuildPhase;
			buildActionMask = 2147483647;
			files = (
				EE32B46F15B7672C00F729C9 /* main.m in Sources */,
				EE32B47315B7672C00F729C9 /* RandomPickerAppDelegate.m in Sources */,
				EE32B47915B7672C00F729C9 /* RandomPickerViewController.m in Sources */,
			);
			runOnlyForDeploymentPostprocessing = 0;
		};
/* End PBXSourcesBuildPhase section */

/* Begin PBXVariantGroup section */
		EE32B46B15B7672C00F729C9 /* InfoPlist.strings */ = {
			isa = PBXVariantGroup;
			children = (
				EE32B46C15B7672C00F729C9 /* en */,
			);
			name = InfoPlist.strings;
			sourceTree = "<group>";
		};
		EE32B47415B7672C00F729C9 /* MainStoryboard.storyboard */ = {
			isa = PBXVariantGroup;
			children = (
				EE32B47515B7672C00F729C9 /* en */,
			);
			name = MainStoryboard.storyboard;
			sourceTree = "<group>";
		};
/* End PBXVariantGroup section */

/* Begin XCBuildConfiguration section */
		EE32B47A15B7672C00F729C9 /* Debug */ = {
			isa = XCBuildConfiguration;
			buildSettings = {
				ALWAYS_SEARCH_USER_PATHS = NO;
				ARCHS = "$(ARCHS_STANDARD_32_BIT)";
				CLANG_ENABLE_OBJC_ARC = YES;
				"CODE_SIGN_IDENTITY[sdk=iphoneos*]" = "iPhone Developer";
				COPY_PHASE_STRIP = NO;
				GCC_C_LANGUAGE_STANDARD = gnu99;
				GCC_DYNAMIC_NO_PIC = NO;
				GCC_OPTIMIZATION_LEVEL = 0;
				GCC_PREPROCESSOR_DEFINITIONS = (
					"DEBUG=1",
					"$(inherited)",
				);
				GCC_SYMBOLS_PRIVATE_EXTERN = NO;
				GCC_VERSION = com.apple.compilers.llvm.clang.1_0;
				GCC_WARN_ABOUT_RETURN_TYPE = YES;
				GCC_WARN_UNINITIALIZED_AUTOS = YES;
				GCC_WARN_UNUSED_VARIABLE = YES;
				IPHONEOS_DEPLOYMENT_TARGET = 5.1;
				SDKROOT = iphoneos;
			};
			name = Debug;
		};
		EE32B47B15B7672C00F729C9 /* Release */ = {
			isa = XCBuildConfiguration;
			buildSettings = {
				ALWAYS_SEARCH_USER_PATHS = NO;
				ARCHS = "$(ARCHS_STANDARD_32_BIT)";
				CLANG_ENABLE_OBJC_ARC = YES;
				"CODE_SIGN_IDENTITY[sdk=iphoneos*]" = "iPhone Developer";
				COPY_PHASE_STRIP = YES;
				GCC_C_LANGUAGE_STANDARD = gnu99;
				GCC_VERSION = com.apple.compilers.llvm.clang.1_0;
				GCC_WARN_ABOUT_RETURN_TYPE = YES;
				GCC_WARN_UNINITIALIZED_AUTOS = YES;
				GCC_WARN_UNUSED_VARIABLE = YES;
				IPHONEOS_DEPLOYMENT_TARGET = 5.1;
				OTHER_CFLAGS = "-DNS_BLOCK_ASSERTIONS=1";
				SDKROOT = iphoneos;
				VALIDATE_PRODUCT = YES;
			};
			name = Release;
		};
		EE32B47D15B7672C00F729C9 /* Debug */ = {
			isa = XCBuildConfiguration;
			buildSettings = {
				GCC_PRECOMPILE_PREFIX_HEADER = YES;
				GCC_PREFIX_HEADER = "Project 2/Project 2-Prefix.pch";
				INFOPLIST_FILE = "Project 2/Project 2-Info.plist";
				PRODUCT_NAME = "$(TARGET_NAME)";
				WRAPPER_EXTENSION = app;
			};
			name = Debug;
		};
		EE32B47E15B7672C00F729C9 /* Release */ = {
			isa = XCBuildConfiguration;
			buildSettings = {
				GCC_PRECOMPILE_PREFIX_HEADER = YES;
				GCC_PREFIX_HEADER = "Project 2/Project 2-Prefix.pch";
				INFOPLIST_FILE = "Project 2/Project 2-Info.plist";
				PRODUCT_NAME = "$(TARGET_NAME)";
				WRAPPER_EXTENSION = app;
			};
			name = Release;
		};
/* End XCBuildConfiguration section */

/* Begin XCConfigurationList section */
		EE32B45815B7672B00F729C9 /* Build configuration list for PBXProject "Project 2" */ = {
			isa = XCConfigurationList;
			buildConfigurations = (
				EE32B47A15B7672C00F729C9 /* Debug */,
				EE32B47B15B7672C00F729C9 /* Release */,
			);
			defaultConfigurationIsVisible = 0;
			defaultConfigurationName = Release;
		};
		EE32B47C15B7672C00F729C9 /* Build configuration list for PBXNativeTarget "Project 2" */ = {
			isa = XCConfigurationList;
			buildConfigurations = (
				EE32B47D15B7672C00F729C9 /* Debug */,
				EE32B47E15B7672C00F729C9 /* Release */,
			);
			defaultConfigurationIsVisible = 0;
		};
/* End XCConfigurationList section */
	};
	rootObject = EE32B45515B7672B00F729C9 /* Project object */;
}
